
Microsoft Visual Studio Solution File, Format Version 12.00
# Visual Studio Version 16
VisualStudioVersion = 16.0.30907.101
MinimumVisualStudioVersion = 10.0.40219.1
Project("{FAE04EC0-301F-11D3-BF4B-00C04F79EFBC}") = "Matrixden.SwissArmyKnives", "Matrixden.SwissArmyKnives\Matrixden.SwissArmyKnives.csproj", "{3FBE0A85-B0B8-49D1-B077-5340A2FC02D7}"
EndProject
Project("{FAE04EC0-301F-11D3-BF4B-00C04F79EFBC}") = "Matrixden.SAK.Extensions", "Matrixden.SAK.Extensions\Matrixden.SAK.Extensions.csproj", "{A9209C7E-FCC0-4840-8270-66EA3F116055}"
EndProject
Project("{FAE04EC0-301F-11D3-BF4B-00C04F79EFBC}") = "Matrixden.Utils.Redis", "Matrixden.Utils.Redis\Matrixden.Utils.Redis.csproj", "{06DF54BB-2BDB-4C25-9C47-DBB5CA93B85B}"
EndProject
Project("{FAE04EC0-301F-11D3-BF4B-00C04F79EFBC}") = "Matrixden.Utils.PinYin", "Matrixden.Utils.PinYin\Matrixden.Utils.PinYin.csproj", "{4B1E3DFE-F624-425C-9323-D3AA31CA8DD3}"
EndProject
Project("{FAE04EC0-301F-11D3-BF4B-00C04F79EFBC}") = "Matrixden.Utils.Security", "Matrixden.Utils.Security\Matrixden.Utils.Security.csproj", "{4DE66020-8DE9-4C19-B847-1A363B2BD6A5}"
EndProject
Project("{FAE04EC0-301F-11D3-BF4B-00C04F79EFBC}") = "Matrixden.Utils.Web", "Matrixden.Utils.Web\Matrixden.Utils.Web.csproj", "{A323C69E-24D9-4C54-A860-958E357EB237}"
EndProject
Project("{FAE04EC0-301F-11D3-BF4B-00C04F79EFBC}") = "Matrixden.RedisSessionProvider", "Matrixden.RedisSessionProvider\Matrixden.RedisSessionProvider.csproj", "{E928CD91-C475-4314-A061-57A2F919ADE8}"
EndProject
Project("{FAE04EC0-301F-11D3-BF4B-00C04F79EFBC}") = "Matrixden.UnifiedDBAdapter", "Matrixden.UnifiedDBAdapter\Matrixden.UnifiedDBAdapter.csproj", "{015E7FAD-38EE-49F4-82FF-9F6B9AFA5AF4}"
EndProject
Project("{FAE04EC0-301F-11D3-BF4B-00C04F79EFBC}") = "Matrixden.DBUtilities", "Matrixden.DBUtilities\Matrixden.DBUtilities.csproj", "{03731E72-947F-4BC5-B22A-561641B46DB1}"
EndProject
Project("{FAE04EC0-301F-11D3-BF4B-00C04F79EFBC}") = "Matrixden.DBUtilities.Attributes", "Matrixden.DBUtilities.Attributes\Matrixden.DBUtilities.Attributes.csproj", "{40D9CB53-48E7-4616-991F-D988EA1D9A39}"
EndProject
Project("{2150E333-8FDC-42A3-9474-1A3956D46DE8}") = "Solution Items", "Solution Items", "{3867340E-1ECD-402B-A480-D6E5642E6B95}"
	ProjectSection(SolutionItems) = preProject
		GlobalAssemblyInfo.cs = GlobalAssemblyInfo.cs
		SwissArmyKnife.ico = SwissArmyKnife.ico
	EndProjectSection
EndProject
Project("{FAE04EC0-301F-11D3-BF4B-00C04F79EFBC}") = "Matrixden.DBUtilities.Resources", "Matrixden.DBUtilities.Resources\Matrixden.DBUtilities.Resources.csproj", "{FB1FF297-9BE4-4EB7-885E-D58BCC1731F4}"
EndProject
Project("{FAE04EC0-301F-11D3-BF4B-00C04F79EFBC}") = "Matrixden.Utils.Extensions.Net40", "Matrixden.Utils.Extensions.Net40\Matrixden.Utils.Extensions.Net40.csproj", "{F752EBAD-D32E-4452-A742-2761490CD6D1}"
EndProject
Project("{FAE04EC0-301F-11D3-BF4B-00C04F79EFBC}") = "Matrixden.Utils.Image", "Matrixden.Utils.Image\Matrixden.Utils.Image.csproj", "{D6E4F2DA-416C-4450-AA35-DDAC5C9B6514}"
EndProject
Project("{FAE04EC0-301F-11D3-BF4B-00C04F79EFBC}") = "Matrixden.Utils.Net45", "Matrixden.Utils.Net45\Matrixden.Utils.Net45.csproj", "{00F1948E-0C4A-44E5-9C95-81E467E39A32}"
EndProject
Project("{FAE04EC0-301F-11D3-BF4B-00C04F79EFBC}") = "Matrixden.WebAPI.Tracking", "Matrixden.WebAPI.Tracking\Matrixden.WebAPI.Tracking.csproj", "{7D20C3F8-36BC-4FA3-8B0D-DDEAE48B5458}"
EndProject
Project("{FAE04EC0-301F-11D3-BF4B-00C04F79EFBC}") = "NuGet.Server", "NuGet.Server\NuGet.Server.csproj", "{3B91EB48-8FEE-4C62-BAA3-0FD325133E11}"
EndProject
Project("{2150E333-8FDC-42A3-9474-1A3956D46DE8}") = "Matrixden.Utils", "Matrixden.Utils", "{A29D8BB8-5CE2-4829-813D-F65E8C33DC8C}"
EndProject
Project("{FAE04EC0-301F-11D3-BF4B-00C04F79EFBC}") = "Matrixden.Test", "Matrixden.Test\Matrixden.Test.csproj", "{24B4E156-9ADC-4753-8E11-F7DED1BD6B9B}"
EndProject
Global
	GlobalSection(SolutionConfigurationPlatforms) = preSolution
		Debug|Any CPU = Debug|Any CPU
		Release|Any CPU = Release|Any CPU
	EndGlobalSection
	GlobalSection(ProjectConfigurationPlatforms) = postSolution
		{3FBE0A85-B0B8-49D1-B077-5340A2FC02D7}.Debug|Any CPU.ActiveCfg = Debug|Any CPU
		{3FBE0A85-B0B8-49D1-B077-5340A2FC02D7}.Debug|Any CPU.Build.0 = Debug|Any CPU
		{3FBE0A85-B0B8-49D1-B077-5340A2FC02D7}.Release|Any CPU.ActiveCfg = Release|Any CPU
		{3FBE0A85-B0B8-49D1-B077-5340A2FC02D7}.Release|Any CPU.Build.0 = Release|Any CPU
		{A9209C7E-FCC0-4840-8270-66EA3F116055}.Debug|Any CPU.ActiveCfg = Debug|Any CPU
		{A9209C7E-FCC0-4840-8270-66EA3F116055}.Debug|Any CPU.Build.0 = Debug|Any CPU
		{A9209C7E-FCC0-4840-8270-66EA3F116055}.Release|Any CPU.ActiveCfg = Release|Any CPU
		{A9209C7E-FCC0-4840-8270-66EA3F116055}.Release|Any CPU.Build.0 = Release|Any CPU
		{06DF54BB-2BDB-4C25-9C47-DBB5CA93B85B}.Debug|Any CPU.ActiveCfg = Debug|Any CPU
		{06DF54BB-2BDB-4C25-9C47-DBB5CA93B85B}.Debug|Any CPU.Build.0 = Debug|Any CPU
		{06DF54BB-2BDB-4C25-9C47-DBB5CA93B85B}.Release|Any CPU.ActiveCfg = Release|Any CPU
		{06DF54BB-2BDB-4C25-9C47-DBB5CA93B85B}.Release|Any CPU.Build.0 = Release|Any CPU
		{4B1E3DFE-F624-425C-9323-D3AA31CA8DD3}.Debug|Any CPU.ActiveCfg = Debug|Any CPU
		{4B1E3DFE-F624-425C-9323-D3AA31CA8DD3}.Debug|Any CPU.Build.0 = Debug|Any CPU
		{4B1E3DFE-F624-425C-9323-D3AA31CA8DD3}.Release|Any CPU.ActiveCfg = Release|Any CPU
		{4B1E3DFE-F624-425C-9323-D3AA31CA8DD3}.Release|Any CPU.Build.0 = Release|Any CPU
		{4DE66020-8DE9-4C19-B847-1A363B2BD6A5}.Debug|Any CPU.ActiveCfg = Debug|Any CPU
		{4DE66020-8DE9-4C19-B847-1A363B2BD6A5}.Debug|Any CPU.Build.0 = Debug|Any CPU
		{4DE66020-8DE9-4C19-B847-1A363B2BD6A5}.Release|Any CPU.ActiveCfg = Release|Any CPU
		{4DE66020-8DE9-4C19-B847-1A363B2BD6A5}.Release|Any CPU.Build.0 = Release|Any CPU
		{A323C69E-24D9-4C54-A860-958E357EB237}.Debug|Any CPU.ActiveCfg = Debug|Any CPU
		{A323C69E-24D9-4C54-A860-958E357EB237}.Debug|Any CPU.Build.0 = Debug|Any CPU
		{A323C69E-24D9-4C54-A860-958E357EB237}.Release|Any CPU.ActiveCfg = Release|Any CPU
		{A323C69E-24D9-4C54-A860-958E357EB237}.Release|Any CPU.Build.0 = Release|Any CPU
		{E928CD91-C475-4314-A061-57A2F919ADE8}.Debug|Any CPU.ActiveCfg = Debug|Any CPU
		{E928CD91-C475-4314-A061-57A2F919ADE8}.Debug|Any CPU.Build.0 = Debug|Any CPU
		{E928CD91-C475-4314-A061-57A2F919ADE8}.Release|Any CPU.ActiveCfg = Release|Any CPU
		{E928CD91-C475-4314-A061-57A2F919ADE8}.Release|Any CPU.Build.0 = Release|Any CPU
		{015E7FAD-38EE-49F4-82FF-9F6B9AFA5AF4}.Debug|Any CPU.ActiveCfg = Debug|Any CPU
		{015E7FAD-38EE-49F4-82FF-9F6B9AFA5AF4}.Debug|Any CPU.Build.0 = Debug|Any CPU
		{015E7FAD-38EE-49F4-82FF-9F6B9AFA5AF4}.Release|Any CPU.ActiveCfg = Release|Any CPU
		{015E7FAD-38EE-49F4-82FF-9F6B9AFA5AF4}.Release|Any CPU.Build.0 = Release|Any CPU
		{03731E72-947F-4BC5-B22A-561641B46DB1}.Debug|Any CPU.ActiveCfg = Debug|Any CPU
		{03731E72-947F-4BC5-B22A-561641B46DB1}.Debug|Any CPU.Build.0 = Debug|Any CPU
		{03731E72-947F-4BC5-B22A-561641B46DB1}.Release|Any CPU.ActiveCfg = Release|Any CPU
		{03731E72-947F-4BC5-B22A-561641B46DB1}.Release|Any CPU.Build.0 = Release|Any CPU
		{40D9CB53-48E7-4616-991F-D988EA1D9A39}.Debug|Any CPU.ActiveCfg = Debug|Any CPU
		{40D9CB53-48E7-4616-991F-D988EA1D9A39}.Debug|Any CPU.Build.0 = Debug|Any CPU
		{40D9CB53-48E7-4616-991F-D988EA1D9A39}.Release|Any CPU.ActiveCfg = Release|Any CPU
		{40D9CB53-48E7-4616-991F-D988EA1D9A39}.Release|Any CPU.Build.0 = Release|Any CPU
		{FB1FF297-9BE4-4EB7-885E-D58BCC1731F4}.Debug|Any CPU.ActiveCfg = Debug|Any CPU
		{FB1FF297-9BE4-4EB7-885E-D58BCC1731F4}.Debug|Any CPU.Build.0 = Debug|Any CPU
		{FB1FF297-9BE4-4EB7-885E-D58BCC1731F4}.Release|Any CPU.ActiveCfg = Release|Any CPU
		{FB1FF297-9BE4-4EB7-885E-D58BCC1731F4}.Release|Any CPU.Build.0 = Release|Any CPU
		{F752EBAD-D32E-4452-A742-2761490CD6D1}.Debug|Any CPU.ActiveCfg = Debug|Any CPU
		{F752EBAD-D32E-4452-A742-2761490CD6D1}.Debug|Any CPU.Build.0 = Debug|Any CPU
		{F752EBAD-D32E-4452-A742-2761490CD6D1}.Release|Any CPU.ActiveCfg = Release|Any CPU
		{F752EBAD-D32E-4452-A742-2761490CD6D1}.Release|Any CPU.Build.0 = Release|Any CPU
		{D6E4F2DA-416C-4450-AA35-DDAC5C9B6514}.Debug|Any CPU.ActiveCfg = Debug|Any CPU
		{D6E4F2DA-416C-4450-AA35-DDAC5C9B6514}.Debug|Any CPU.Build.0 = Debug|Any CPU
		{D6E4F2DA-416C-4450-AA35-DDAC5C9B6514}.Release|Any CPU.ActiveCfg = Release|Any CPU
		{D6E4F2DA-416C-4450-AA35-DDAC5C9B6514}.Release|Any CPU.Build.0 = Release|Any CPU
		{00F1948E-0C4A-44E5-9C95-81E467E39A32}.Debug|Any CPU.ActiveCfg = Debug|Any CPU
		{00F1948E-0C4A-44E5-9C95-81E467E39A32}.Debug|Any CPU.Build.0 = Debug|Any CPU
		{00F1948E-0C4A-44E5-9C95-81E467E39A32}.Release|Any CPU.ActiveCfg = Release|Any CPU
		{00F1948E-0C4A-44E5-9C95-81E467E39A32}.Release|Any CPU.Build.0 = Release|Any CPU
		{7D20C3F8-36BC-4FA3-8B0D-DDEAE48B5458}.Debug|Any CPU.ActiveCfg = Debug|Any CPU
		{7D20C3F8-36BC-4FA3-8B0D-DDEAE48B5458}.Debug|Any CPU.Build.0 = Debug|Any CPU
		{7D20C3F8-36BC-4FA3-8B0D-DDEAE48B5458}.Release|Any CPU.ActiveCfg = Release|Any CPU
		{7D20C3F8-36BC-4FA3-8B0D-DDEAE48B5458}.Release|Any CPU.Build.0 = Release|Any CPU
		{3B91EB48-8FEE-4C62-BAA3-0FD325133E11}.Debug|Any CPU.ActiveCfg = Debug|Any CPU
		{3B91EB48-8FEE-4C62-BAA3-0FD325133E11}.Debug|Any CPU.Build.0 = Debug|Any CPU
		{3B91EB48-8FEE-4C62-BAA3-0FD325133E11}.Release|Any CPU.ActiveCfg = Release|Any CPU
		{3B91EB48-8FEE-4C62-BAA3-0FD325133E11}.Release|Any CPU.Build.0 = Release|Any CPU
		{24B4E156-9ADC-4753-8E11-F7DED1BD6B9B}.Debug|Any CPU.ActiveCfg = Debug|Any CPU
		{24B4E156-9ADC-4753-8E11-F7DED1BD6B9B}.Debug|Any CPU.Build.0 = Debug|Any CPU
		{24B4E156-9ADC-4753-8E11-F7DED1BD6B9B}.Release|Any CPU.ActiveCfg = Release|Any CPU
		{24B4E156-9ADC-4753-8E11-F7DED1BD6B9B}.Release|Any CPU.Build.0 = Release|Any CPU
	EndGlobalSection
	GlobalSection(SolutionProperties) = preSolution
		HideSolutionNode = FALSE
	EndGlobalSection
	GlobalSection(NestedProjects) = preSolution
		{06DF54BB-2BDB-4C25-9C47-DBB5CA93B85B} = {A29D8BB8-5CE2-4829-813D-F65E8C33DC8C}
		{4B1E3DFE-F624-425C-9323-D3AA31CA8DD3} = {A29D8BB8-5CE2-4829-813D-F65E8C33DC8C}
		{4DE66020-8DE9-4C19-B847-1A363B2BD6A5} = {A29D8BB8-5CE2-4829-813D-F65E8C33DC8C}
		{A323C69E-24D9-4C54-A860-958E357EB237} = {A29D8BB8-5CE2-4829-813D-F65E8C33DC8C}
		{F752EBAD-D32E-4452-A742-2761490CD6D1} = {A29D8BB8-5CE2-4829-813D-F65E8C33DC8C}
		{D6E4F2DA-416C-4450-AA35-DDAC5C9B6514} = {A29D8BB8-5CE2-4829-813D-F65E8C33DC8C}
		{00F1948E-0C4A-44E5-9C95-81E467E39A32} = {A29D8BB8-5CE2-4829-813D-F65E8C33DC8C}
	EndGlobalSection
	GlobalSection(ExtensibilityGlobals) = postSolution
		SolutionGuid = {DB5A9F8E-6C3E-4C7C-BCB2-088A3F1066EB}
	EndGlobalSection
EndGlobal
