
Microsoft Visual Studio Solution File, Format Version 12.00
# Visual Studio 15
VisualStudioVersion = 15.0.28307.168
MinimumVisualStudioVersion = 10.0.40219.1
Project("{9A19103F-16F7-4668-BE54-9A1E7A4F7556}") = "Matrixden.Utils.Core", "Matrixden.Utils.Core\Matrixden.Utils.Core.csproj", "{8A95EBD7-459C-41A3-BEF6-ED800C8F89EB}"
EndProject
Project("{FAE04EC0-301F-11D3-BF4B-00C04F79EFBC}") = "Matrixden.Utils.Extensions.Core", "Matrixden.Utils.Extensions.Core\Matrixden.Utils.Extensions.Core.csproj", "{70E872CB-D843-4173-B451-D06581D11FBC}"
EndProject
Global
	GlobalSection(SolutionConfigurationPlatforms) = preSolution
		Debug|Any CPU = Debug|Any CPU
		Release|Any CPU = Release|Any CPU
	EndGlobalSection
	GlobalSection(ProjectConfigurationPlatforms) = postSolution
		{8A95EBD7-459C-41A3-BEF6-ED800C8F89EB}.Debug|Any CPU.ActiveCfg = Debug|Any CPU
		{8A95EBD7-459C-41A3-BEF6-ED800C8F89EB}.Debug|Any CPU.Build.0 = Debug|Any CPU
		{8A95EBD7-459C-41A3-BEF6-ED800C8F89EB}.Release|Any CPU.ActiveCfg = Release|Any CPU
		{8A95EBD7-459C-41A3-BEF6-ED800C8F89EB}.Release|Any CPU.Build.0 = Release|Any CPU
		{70E872CB-D843-4173-B451-D06581D11FBC}.Debug|Any CPU.ActiveCfg = Debug|Any CPU
		{70E872CB-D843-4173-B451-D06581D11FBC}.Debug|Any CPU.Build.0 = Debug|Any CPU
		{70E872CB-D843-4173-B451-D06581D11FBC}.Release|Any CPU.ActiveCfg = Release|Any CPU
		{70E872CB-D843-4173-B451-D06581D11FBC}.Release|Any CPU.Build.0 = Release|Any CPU
	EndGlobalSection
	GlobalSection(SolutionProperties) = preSolution
		HideSolutionNode = FALSE
	EndGlobalSection
	GlobalSection(ExtensibilityGlobals) = postSolution
		SolutionGuid = {4E2A416B-6FDE-49A6-8914-A92E62BDB124}
	EndGlobalSection
EndGlobal
